// !$*UTF8*$!
{
	archiveVersion = 1;
	classes = {
	};
	objectVersion = 46;
	objects = {

/* Begin PBXBuildFile section */
		DE9564111906D815009F4877 /* Foundation.framework in Frameworks */ = {isa = PBXBuildFile; fileRef = DE9564101906D815009F4877 /* Foundation.framework */; };
		DE9564131906D815009F4877 /* CoreGraphics.framework in Frameworks */ = {isa = PBXBuildFile; fileRef = DE9564121906D815009F4877 /* CoreGraphics.framework */; };
		DE9564151906D815009F4877 /* UIKit.framework in Frameworks */ = {isa = PBXBuildFile; fileRef = DE9564141906D815009F4877 /* UIKit.framework */; };
		DE95641B1906D815009F4877 /* InfoPlist.strings in Resources */ = {isa = PBXBuildFile; fileRef = DE9564191906D815009F4877 /* InfoPlist.strings */; };
		DE95641D1906D815009F4877 /* main.m in Sources */ = {isa = PBXBuildFile; fileRef = DE95641C1906D815009F4877 /* main.m */; };
		DE9564211906D815009F4877 /* AppDelegate.m in Sources */ = {isa = PBXBuildFile; fileRef = DE9564201906D815009F4877 /* AppDelegate.m */; };
		DE9564241906D815009F4877 /* Main_iPhone.storyboard in Resources */ = {isa = PBXBuildFile; fileRef = DE9564221906D815009F4877 /* Main_iPhone.storyboard */; };
		DE9564271906D815009F4877 /* Main_iPad.storyboard in Resources */ = {isa = PBXBuildFile; fileRef = DE9564251906D815009F4877 /* Main_iPad.storyboard */; };
		DE95642A1906D815009F4877 /* FirstViewController.m in Sources */ = {isa = PBXBuildFile; fileRef = DE9564291906D815009F4877 /* FirstViewController.m */; };
		DE95642D1906D815009F4877 /* SecondViewController.m in Sources */ = {isa = PBXBuildFile; fileRef = DE95642C1906D815009F4877 /* SecondViewController.m */; };
		DE95642F1906D815009F4877 /* Images.xcassets in Resources */ = {isa = PBXBuildFile; fileRef = DE95642E1906D815009F4877 /* Images.xcassets */; };
		DE9564361906D815009F4877 /* XCTest.framework in Frameworks */ = {isa = PBXBuildFile; fileRef = DE9564351906D815009F4877 /* XCTest.framework */; };
		DE9564371906D815009F4877 /* Foundation.framework in Frameworks */ = {isa = PBXBuildFile; fileRef = DE9564101906D815009F4877 /* Foundation.framework */; };
		DE9564381906D815009F4877 /* UIKit.framework in Frameworks */ = {isa = PBXBuildFile; fileRef = DE9564141906D815009F4877 /* UIKit.framework */; };
		DE9564401906D815009F4877 /* InfoPlist.strings in Resources */ = {isa = PBXBuildFile; fileRef = DE95643E1906D815009F4877 /* InfoPlist.strings */; };
		DE9564421906D815009F4877 /* classDemoTests.m in Sources */ = {isa = PBXBuildFile; fileRef = DE9564411906D815009F4877 /* classDemoTests.m */; };
/* End PBXBuildFile section */

/* Begin PBXContainerItemProxy section */
		DE9564391906D815009F4877 /* PBXContainerItemProxy */ = {
			isa = PBXContainerItemProxy;
			containerPortal = DE9564051906D815009F4877 /* Project object */;
			proxyType = 1;
			remoteGlobalIDString = DE95640C1906D815009F4877;
			remoteInfo = classDemo;
		};
/* End PBXContainerItemProxy section */

/* Begin PBXFileReference section */
		DE95640D1906D815009F4877 /* classDemo.app */ = {isa = PBXFileReference; explicitFileType = wrapper.application; includeInIndex = 0; path = classDemo.app; sourceTree = BUILT_PRODUCTS_DIR; };
		DE9564101906D815009F4877 /* Foundation.framework */ = {isa = PBXFileReference; lastKnownFileType = wrapper.framework; name = Foundation.framework; path = System/Library/Frameworks/Foundation.framework; sourceTree = SDKROOT; };
		DE9564121906D815009F4877 /* CoreGraphics.framework */ = {isa = PBXFileReference; lastKnownFileType = wrapper.framework; name = CoreGraphics.framework; path = System/Library/Frameworks/CoreGraphics.framework; sourceTree = SDKROOT; };
		DE9564141906D815009F4877 /* UIKit.framework */ = {isa = PBXFileReference; lastKnownFileType = wrapper.framework; name = UIKit.framework; path = System/Library/Frameworks/UIKit.framework; sourceTree = SDKROOT; };
		DE9564181906D815009F4877 /* classDemo-Info.plist */ = {isa = PBXFileReference; lastKnownFileType = text.plist.xml; path = "classDemo-Info.plist"; sourceTree = "<group>"; };
		DE95641A1906D815009F4877 /* en */ = {isa = PBXFileReference; lastKnownFileType = text.plist.strings; name = en; path = en.lproj/InfoPlist.strings; sourceTree = "<group>"; };
		DE95641C1906D815009F4877 /* main.m */ = {isa = PBXFileReference; lastKnownFileType = sourcecode.c.objc; path = main.m; sourceTree = "<group>"; };
		DE95641E1906D815009F4877 /* classDemo-Prefix.pch */ = {isa = PBXFileReference; lastKnownFileType = sourcecode.c.h; path = "classDemo-Prefix.pch"; sourceTree = "<group>"; };
		DE95641F1906D815009F4877 /* AppDelegate.h */ = {isa = PBXFileReference; lastKnownFileType = sourcecode.c.h; path = AppDelegate.h; sourceTree = "<group>"; };
		DE9564201906D815009F4877 /* AppDelegate.m */ = {isa = PBXFileReference; lastKnownFileType = sourcecode.c.objc; path = AppDelegate.m; sourceTree = "<group>"; };
		DE9564231906D815009F4877 /* Base */ = {isa = PBXFileReference; lastKnownFileType = file.storyboard; name = Base; path = Base.lproj/Main_iPhone.storyboard; sourceTree = "<group>"; };
		DE9564261906D815009F4877 /* Base */ = {isa = PBXFileReference; lastKnownFileType = file.storyboard; name = Base; path = Base.lproj/Main_iPad.storyboard; sourceTree = "<group>"; };
		DE9564281906D815009F4877 /* FirstViewController.h */ = {isa = PBXFileReference; lastKnownFileType = sourcecode.c.h; path = FirstViewController.h; sourceTree = "<group>"; };
		DE9564291906D815009F4877 /* FirstViewController.m */ = {isa = PBXFileReference; lastKnownFileType = sourcecode.c.objc; path = FirstViewController.m; sourceTree = "<group>"; };
		DE95642B1906D815009F4877 /* SecondViewController.h */ = {isa = PBXFileReference; lastKnownFileType = sourcecode.c.h; path = SecondViewController.h; sourceTree = "<group>"; };
		DE95642C1906D815009F4877 /* SecondViewController.m */ = {isa = PBXFileReference; lastKnownFileType = sourcecode.c.objc; path = SecondViewController.m; sourceTree = "<group>"; };
		DE95642E1906D815009F4877 /* Images.xcassets */ = {isa = PBXFileReference; lastKnownFileType = folder.assetcatalog; path = Images.xcassets; sourceTree = "<group>"; };
		DE9564341906D815009F4877 /* classDemoTests.xctest */ = {isa = PBXFileReference; explicitFileType = wrapper.cfbundle; includeInIndex = 0; path = classDemoTests.xctest; sourceTree = BUILT_PRODUCTS_DIR; };
		DE9564351906D815009F4877 /* XCTest.framework */ = {isa = PBXFileReference; lastKnownFileType = wrapper.framework; name = XCTest.framework; path = Library/Frameworks/XCTest.framework; sourceTree = DEVELOPER_DIR; };
		DE95643D1906D815009F4877 /* classDemoTests-Info.plist */ = {isa = PBXFileReference; lastKnownFileType = text.plist.xml; path = "classDemoTests-Info.plist"; sourceTree = "<group>"; };
		DE95643F1906D815009F4877 /* en */ = {isa = PBXFileReference; lastKnownFileType = text.plist.strings; name = en; path = en.lproj/InfoPlist.strings; sourceTree = "<group>"; };
		DE9564411906D815009F4877 /* classDemoTests.m */ = {isa = PBXFileReference; lastKnownFileType = sourcecode.c.objc; path = classDemoTests.m; sourceTree = "<group>"; };
/* End PBXFileReference section */

/* Begin PBXFrameworksBuildPhase section */
		DE95640A1906D815009F4877 /* Frameworks */ = {
			isa = PBXFrameworksBuildPhase;
			buildActionMask = 2147483647;
			files = (
				DE9564131906D815009F4877 /* CoreGraphics.framework in Frameworks */,
				DE9564151906D815009F4877 /* UIKit.framework in Frameworks */,
				DE9564111906D815009F4877 /* Foundation.framework in Frameworks */,
			);
			runOnlyForDeploymentPostprocessing = 0;
		};
		DE9564311906D815009F4877 /* Frameworks */ = {
			isa = PBXFrameworksBuildPhase;
			buildActionMask = 2147483647;
			files = (
				DE9564361906D815009F4877 /* XCTest.framework in Frameworks */,
				DE9564381906D815009F4877 /* UIKit.framework in Frameworks */,
				DE9564371906D815009F4877 /* Foundation.framework in Frameworks */,
			);
			runOnlyForDeploymentPostprocessing = 0;
		};
/* End PBXFrameworksBuildPhase section */

/* Begin PBXGroup section */
		DE9564041906D815009F4877 = {
			isa = PBXGroup;
			children = (
				DE9564161906D815009F4877 /* classDemo */,
				DE95643B1906D815009F4877 /* classDemoTests */,
				DE95640F1906D815009F4877 /* Frameworks */,
				DE95640E1906D815009F4877 /* Products */,
			);
			sourceTree = "<group>";
		};
		DE95640E1906D815009F4877 /* Products */ = {
			isa = PBXGroup;
			children = (
				DE95640D1906D815009F4877 /* classDemo.app */,
				DE9564341906D815009F4877 /* classDemoTests.xctest */,
			);
			name = Products;
			sourceTree = "<group>";
		};
		DE95640F1906D815009F4877 /* Frameworks */ = {
			isa = PBXGroup;
			children = (
				DE9564101906D815009F4877 /* Foundation.framework */,
				DE9564121906D815009F4877 /* CoreGraphics.framework */,
				DE9564141906D815009F4877 /* UIKit.framework */,
				DE9564351906D815009F4877 /* XCTest.framework */,
			);
			name = Frameworks;
			sourceTree = "<group>";
		};
		DE9564161906D815009F4877 /* classDemo */ = {
			isa = PBXGroup;
			children = (
				DE95641F1906D815009F4877 /* AppDelegate.h */,
				DE9564201906D815009F4877 /* AppDelegate.m */,
				DE9564221906D815009F4877 /* Main_iPhone.storyboard */,
				DE9564251906D815009F4877 /* Main_iPad.storyboard */,
				DE9564281906D815009F4877 /* FirstViewController.h */,
				DE9564291906D815009F4877 /* FirstViewController.m */,
				DE95642B1906D815009F4877 /* SecondViewController.h */,
				DE95642C1906D815009F4877 /* SecondViewController.m */,
				DE95642E1906D815009F4877 /* Images.xcassets */,
				DE9564171906D815009F4877 /* Supporting Files */,
			);
			path = classDemo;
			sourceTree = "<group>";
		};
		DE9564171906D815009F4877 /* Supporting Files */ = {
			isa = PBXGroup;
			children = (
				DE9564181906D815009F4877 /* classDemo-Info.plist */,
				DE9564191906D815009F4877 /* InfoPlist.strings */,
				DE95641C1906D815009F4877 /* main.m */,
				DE95641E1906D815009F4877 /* classDemo-Prefix.pch */,
			);
			name = "Supporting Files";
			sourceTree = "<group>";
		};
		DE95643B1906D815009F4877 /* classDemoTests */ = {
			isa = PBXGroup;
			children = (
				DE9564411906D815009F4877 /* classDemoTests.m */,
				DE95643C1906D815009F4877 /* Supporting Files */,
			);
			path = classDemoTests;
			sourceTree = "<group>";
		};
		DE95643C1906D815009F4877 /* Supporting Files */ = {
			isa = PBXGroup;
			children = (
				DE95643D1906D815009F4877 /* classDemoTests-Info.plist */,
				DE95643E1906D815009F4877 /* InfoPlist.strings */,
			);
			name = "Supporting Files";
			sourceTree = "<group>";
		};
/* End PBXGroup section */

/* Begin PBXNativeTarget section */
		DE95640C1906D815009F4877 /* classDemo */ = {
			isa = PBXNativeTarget;
			buildConfigurationList = DE9564451906D816009F4877 /* Build configuration list for PBXNativeTarget "classDemo" */;
			buildPhases = (
				DE9564091906D815009F4877 /* Sources */,
				DE95640A1906D815009F4877 /* Frameworks */,
				DE95640B1906D815009F4877 /* Resources */,
			);
			buildRules = (
			);
			dependencies = (
			);
			name = classDemo;
			productName = classDemo;
			productReference = DE95640D1906D815009F4877 /* classDemo.app */;
			productType = "com.apple.product-type.application";
		};
		DE9564331906D815009F4877 /* classDemoTests */ = {
			isa = PBXNativeTarget;
			buildConfigurationList = DE9564481906D816009F4877 /* Build configuration list for PBXNativeTarget "classDemoTests" */;
			buildPhases = (
				DE9564301906D815009F4877 /* Sources */,
				DE9564311906D815009F4877 /* Frameworks */,
				DE9564321906D815009F4877 /* Resources */,
			);
			buildRules = (
			);
			dependencies = (
				DE95643A1906D815009F4877 /* PBXTargetDependency */,
			);
			name = classDemoTests;
			productName = classDemoTests;
			productReference = DE9564341906D815009F4877 /* classDemoTests.xctest */;
			productType = "com.apple.product-type.bundle.unit-test";
		};
/* End PBXNativeTarget section */

/* Begin PBXProject section */
		DE9564051906D815009F4877 /* Project object */ = {
			isa = PBXProject;
			attributes = {
				LastUpgradeCheck = 0510;
				ORGANIZATIONNAME = STAM;
				TargetAttributes = {
					DE9564331906D815009F4877 = {
						TestTargetID = DE95640C1906D815009F4877;
					};
				};
			};
			buildConfigurationList = DE9564081906D815009F4877 /* Build configuration list for PBXProject "classDemo" */;
			compatibilityVersion = "Xcode 3.2";
			developmentRegion = English;
			hasScannedForEncodings = 0;
			knownRegions = (
				en,
				Base,
			);
			mainGroup = DE9564041906D815009F4877;
			productRefGroup = DE95640E1906D815009F4877 /* Products */;
			projectDirPath = "";
			projectRoot = "";
			targets = (
				DE95640C1906D815009F4877 /* classDemo */,
				DE9564331906D815009F4877 /* classDemoTests */,
			);
		};
/* End PBXProject section */

/* Begin PBXResourcesBuildPhase section */
		DE95640B1906D815009F4877 /* Resources */ = {
			isa = PBXResourcesBuildPhase;
			buildActionMask = 2147483647;
			files = (
				DE9564271906D815009F4877 /* Main_iPad.storyboard in Resources */,
				DE95642F1906D815009F4877 /* Images.xcassets in Resources */,
				DE9564241906D815009F4877 /* Main_iPhone.storyboard in Resources */,
				DE95641B1906D815009F4877 /* InfoPlist.strings in Resources */,
			);
			runOnlyForDeploymentPostprocessing = 0;
		};
		DE9564321906D815009F4877 /* Resources */ = {
			isa = PBXResourcesBuildPhase;
			buildActionMask = 2147483647;
			files = (
				DE9564401906D815009F4877 /* InfoPlist.strings in Resources */,
			);
			runOnlyForDeploymentPostprocessing = 0;
		};
/* End PBXResourcesBuildPhase section */

/* Begin PBXSourcesBuildPhase section */
		DE9564091906D815009F4877 /* Sources */ = {
			isa = PBXSourcesBuildPhase;
			buildActionMask = 2147483647;
			files = (
				DE95642D1906D815009F4877 /* SecondViewController.m in Sources */,
				DE9564211906D815009F4877 /* AppDelegate.m in Sources */,
				DE95642A1906D815009F4877 /* FirstViewController.m in Sources */,
				DE95641D1906D815009F4877 /* main.m in Sources */,
			);
			runOnlyForDeploymentPostprocessing = 0;
		};
		DE9564301906D815009F4877 /* Sources */ = {
			isa = PBXSourcesBuildPhase;
			buildActionMask = 2147483647;
			files = (
				DE9564421906D815009F4877 /* classDemoTests.m in Sources */,
			);
			runOnlyForDeploymentPostprocessing = 0;
		};
/* End PBXSourcesBuildPhase section */

/* Begin PBXTargetDependency section */
		DE95643A1906D815009F4877 /* PBXTargetDependency */ = {
			isa = PBXTargetDependency;
			target = DE95640C1906D815009F4877 /* classDemo */;
			targetProxy = DE9564391906D815009F4877 /* PBXContainerItemProxy */;
		};
/* End PBXTargetDependency section */

/* Begin PBXVariantGroup section */
		DE9564191906D815009F4877 /* InfoPlist.strings */ = {
			isa = PBXVariantGroup;
			children = (
				DE95641A1906D815009F4877 /* en */,
			);
			name = InfoPlist.strings;
			sourceTree = "<group>";
		};
		DE9564221906D815009F4877 /* Main_iPhone.storyboard */ = {
			isa = PBXVariantGroup;
			children = (
				DE9564231906D815009F4877 /* Base */,
			);
			name = Main_iPhone.storyboard;
			sourceTree = "<group>";
		};
		DE9564251906D815009F4877 /* Main_iPad.storyboard */ = {
			isa = PBXVariantGroup;
			children = (
				DE9564261906D815009F4877 /* Base */,
			);
			name = Main_iPad.storyboard;
			sourceTree = "<group>";
		};
		DE95643E1906D815009F4877 /* InfoPlist.strings */ = {
			isa = PBXVariantGroup;
			children = (
				DE95643F1906D815009F4877 /* en */,
			);
			name = InfoPlist.strings;
			sourceTree = "<group>";
		};
/* End PBXVariantGroup section */

/* Begin XCBuildConfiguration section */
		DE9564431906D816009F4877 /* Debug */ = {
			isa = XCBuildConfiguration;
			buildSettings = {
				ALWAYS_SEARCH_USER_PATHS = NO;
				CLANG_CXX_LANGUAGE_STANDARD = "gnu++0x";
				CLANG_CXX_LIBRARY = "libc++";
				CLANG_ENABLE_MODULES = YES;
				CLANG_ENABLE_OBJC_ARC = YES;
				CLANG_WARN_BOOL_CONVERSION = YES;
				CLANG_WARN_CONSTANT_CONVERSION = YES;
				CLANG_WARN_DIRECT_OBJC_ISA_USAGE = YES_ERROR;
				CLANG_WARN_EMPTY_BODY = YES;
				CLANG_WARN_ENUM_CONVERSION = YES;
				CLANG_WARN_INT_CONVERSION = YES;
				CLANG_WARN_OBJC_ROOT_CLASS = YES_ERROR;
				CLANG_WARN__DUPLICATE_METHOD_MATCH = YES;
				"CODE_SIGN_IDENTITY[sdk=iphoneos*]" = "iPhone Developer";
				COPY_PHASE_STRIP = NO;
				GCC_C_LANGUAGE_STANDARD = gnu99;
				GCC_DYNAMIC_NO_PIC = NO;
				GCC_OPTIMIZATION_LEVEL = 0;
				GCC_PREPROCESSOR_DEFINITIONS = (
					"DEBUG=1",
					"$(inherited)",
				);
				GCC_SYMBOLS_PRIVATE_EXTERN = NO;
				GCC_WARN_64_TO_32_BIT_CONVERSION = YES;
				GCC_WARN_ABOUT_RETURN_TYPE = YES_ERROR;
				GCC_WARN_UNDECLARED_SELECTOR = YES;
				GCC_WARN_UNINITIALIZED_AUTOS = YES_AGGRESSIVE;
				GCC_WARN_UNUSED_FUNCTION = YES;
				GCC_WARN_UNUSED_VARIABLE = YES;
				IPHONEOS_DEPLOYMENT_TARGET = 7.1;
				ONLY_ACTIVE_ARCH = YES;
				SDKROOT = iphoneos;
				TARGETED_DEVICE_FAMILY = "1,2";
			};
			name = Debug;
		};
		DE9564441906D816009F4877 /* Release */ = {
			isa = XCBuildConfiguration;
			buildSettings = {
				ALWAYS_SEARCH_USER_PATHS = NO;
				CLANG_CXX_LANGUAGE_STANDARD = "gnu++0x";
				CLANG_CXX_LIBRARY = "libc++";
				CLANG_ENABLE_MODULES = YES;
				CLANG_ENABLE_OBJC_ARC = YES;
				CLANG_WARN_BOOL_CONVERSION = YES;
				CLANG_WARN_CONSTANT_CONVERSION = YES;
				CLANG_WARN_DIRECT_OBJC_ISA_USAGE = YES_ERROR;
				CLANG_WARN_EMPTY_BODY = YES;
				CLANG_WARN_ENUM_CONVERSION = YES;
				CLANG_WARN_INT_CONVERSION = YES;
				CLANG_WARN_OBJC_ROOT_CLASS = YES_ERROR;
				CLANG_WARN__DUPLICATE_METHOD_MATCH = YES;
				"CODE_SIGN_IDENTITY[sdk=iphoneos*]" = "iPhone Developer";
				COPY_PHASE_STRIP = YES;
				ENABLE_NS_ASSERTIONS = NO;
				GCC_C_LANGUAGE_STANDARD = gnu99;
				GCC_WARN_64_TO_32_BIT_CONVERSION = YES;
				GCC_WARN_ABOUT_RETURN_TYPE = YES_ERROR;
				GCC_WARN_UNDECLARED_SELECTOR = YES;
				GCC_WARN_UNINITIALIZED_AUTOS = YES_AGGRESSIVE;
				GCC_WARN_UNUSED_FUNCTION = YES;
				GCC_WARN_UNUSED_VARIABLE = YES;
				IPHONEOS_DEPLOYMENT_TARGET = 7.1;
				SDKROOT = iphoneos;
				TARGETED_DEVICE_FAMILY = "1,2";
				VALIDATE_PRODUCT = YES;
			};
			name = Release;
		};
		DE9564461906D816009F4877 /* Debug */ = {
			isa = XCBuildConfiguration;
			buildSettings = {
				ASSETCATALOG_COMPILER_APPICON_NAME = AppIcon;
				ASSETCATALOG_COMPILER_LAUNCHIMAGE_NAME = LaunchImage;
				GCC_PRECOMPILE_PREFIX_HEADER = YES;
				GCC_PREFIX_HEADER = "classDemo/classDemo-Prefix.pch";
				INFOPLIST_FILE = "classDemo/classDemo-Info.plist";
				PRODUCT_NAME = "$(TARGET_NAME)";
				WRAPPER_EXTENSION = app;
			};
			name = Debug;
		};
		DE9564471906D816009F4877 /* Release */ = {
			isa = XCBuildConfiguration;
			buildSettings = {
				ASSETCATALOG_COMPILER_APPICON_NAME = AppIcon;
				ASSETCATALOG_COMPILER_LAUNCHIMAGE_NAME = LaunchImage;
				GCC_PRECOMPILE_PREFIX_HEADER = YES;
				GCC_PREFIX_HEADER = "classDemo/classDemo-Prefix.pch";
				INFOPLIST_FILE = "classDemo/classDemo-Info.plist";
				PRODUCT_NAME = "$(TARGET_NAME)";
				WRAPPER_EXTENSION = app;
			};
			name = Release;
		};
		DE9564491906D816009F4877 /* Debug */ = {
			isa = XCBuildConfiguration;
			buildSettings = {
				BUNDLE_LOADER = "$(BUILT_PRODUCTS_DIR)/classDemo.app/classDemo";
				FRAMEWORK_SEARCH_PATHS = (
					"$(SDKROOT)/Developer/Library/Frameworks",
					"$(inherited)",
					"$(DEVELOPER_FRAMEWORKS_DIR)",
				);
				GCC_PRECOMPILE_PREFIX_HEADER = YES;
				GCC_PREFIX_HEADER = "classDemo/classDemo-Prefix.pch";
				GCC_PREPROCESSOR_DEFINITIONS = (
					"DEBUG=1",
					"$(inherited)",
				);
				INFOPLIST_FILE = "classDemoTests/classDemoTests-Info.plist";
				PRODUCT_NAME = "$(TARGET_NAME)";
				TEST_HOST = "$(BUNDLE_LOADER)";
				WRAPPER_EXTENSION = xctest;
			};
			name = Debug;
		};
		DE95644A1906D816009F4877 /* Release */ = {
			isa = XCBuildConfiguration;
			buildSettings = {
				BUNDLE_LOADER = "$(BUILT_PRODUCTS_DIR)/classDemo.app/classDemo";
				FRAMEWORK_SEARCH_PATHS = (
					"$(SDKROOT)/Developer/Library/Frameworks",
					"$(inherited)",
					"$(DEVELOPER_FRAMEWORKS_DIR)",
				);
				GCC_PRECOMPILE_PREFIX_HEADER = YES;
				GCC_PREFIX_HEADER = "classDemo/classDemo-Prefix.pch";
				INFOPLIST_FILE = "classDemoTests/classDemoTests-Info.plist";
				PRODUCT_NAME = "$(TARGET_NAME)";
				TEST_HOST = "$(BUNDLE_LOADER)";
				WRAPPER_EXTENSION = xctest;
			};
			name = Release;
		};
/* End XCBuildConfiguration section */

/* Begin XCConfigurationList section */
		DE9564081906D815009F4877 /* Build configuration list for PBXProject "classDemo" */ = {
			isa = XCConfigurationList;
			buildConfigurations = (
				DE9564431906D816009F4877 /* Debug */,
				DE9564441906D816009F4877 /* Release */,
			);
			defaultConfigurationIsVisible = 0;
			defaultConfigurationName = Release;
		};
		DE9564451906D816009F4877 /* Build configuration list for PBXNativeTarget "classDemo" */ = {
			isa = XCConfigurationList;
			buildConfigurations = (
				DE9564461906D816009F4877 /* Debug */,
				DE9564471906D816009F4877 /* Release */,
			);
			defaultConfigurationIsVisible = 0;
		};
		DE9564481906D816009F4877 /* Build configuration list for PBXNativeTarget "classDemoTests" */ = {
			isa = XCConfigurationList;
			buildConfigurations = (
				DE9564491906D816009F4877 /* Debug */,
				DE95644A1906D816009F4877 /* Release */,
			);
			defaultConfigurationIsVisible = 0;
		};
/* End XCConfigurationList section */
	};
	rootObject = DE9564051906D815009F4877 /* Project object */;
}
